
Microsoft Visual Studio Solution File, Format Version 12.00
# Visual Studio Version 16
VisualStudioVersion = 16.0.29230.47
MinimumVisualStudioVersion = 10.0.40219.1
Project("{FAE04EC0-301F-11D3-BF4B-00C04F79EFBC}") = "Reqres", "Reqres\Reqres.csproj", "{5FB0B4D3-FCF9-4DA0-95F7-0B864DD636C0}"
EndProject
Project("{FAE04EC0-301F-11D3-BF4B-00C04F79EFBC}") = "AutomationPractice", "AutomationPractice\AutomationPractice.csproj", "{A614E024-B37C-4236-BB68-F3624082F18F}"
EndProject
Project("{FAE04EC0-301F-11D3-BF4B-00C04F79EFBC}") = "Expedia.com", "Expidia.com\Expedia.com.csproj", "{6C93CB73-2B45-40B2-8D4F-2149B307BAE3}"
EndProject
Global
	GlobalSection(SolutionConfigurationPlatforms) = preSolution
		Debug|Any CPU = Debug|Any CPU
		Release|Any CPU = Release|Any CPU
	EndGlobalSection
	GlobalSection(ProjectConfigurationPlatforms) = postSolution
		{5FB0B4D3-FCF9-4DA0-95F7-0B864DD636C0}.Debug|Any CPU.ActiveCfg = Debug|Any CPU
		{5FB0B4D3-FCF9-4DA0-95F7-0B864DD636C0}.Debug|Any CPU.Build.0 = Debug|Any CPU
		{5FB0B4D3-FCF9-4DA0-95F7-0B864DD636C0}.Release|Any CPU.ActiveCfg = Release|Any CPU
		{5FB0B4D3-FCF9-4DA0-95F7-0B864DD636C0}.Release|Any CPU.Build.0 = Release|Any CPU
		{A614E024-B37C-4236-BB68-F3624082F18F}.Debug|Any CPU.ActiveCfg = Debug|Any CPU
		{A614E024-B37C-4236-BB68-F3624082F18F}.Debug|Any CPU.Build.0 = Debug|Any CPU
		{A614E024-B37C-4236-BB68-F3624082F18F}.Release|Any CPU.ActiveCfg = Release|Any CPU
		{A614E024-B37C-4236-BB68-F3624082F18F}.Release|Any CPU.Build.0 = Release|Any CPU
		{6C93CB73-2B45-40B2-8D4F-2149B307BAE3}.Debug|Any CPU.ActiveCfg = Debug|Any CPU
		{6C93CB73-2B45-40B2-8D4F-2149B307BAE3}.Debug|Any CPU.Build.0 = Debug|Any CPU
		{6C93CB73-2B45-40B2-8D4F-2149B307BAE3}.Release|Any CPU.ActiveCfg = Release|Any CPU
		{6C93CB73-2B45-40B2-8D4F-2149B307BAE3}.Release|Any CPU.Build.0 = Release|Any CPU
	EndGlobalSection
	GlobalSection(SolutionProperties) = preSolution
		HideSolutionNode = FALSE
	EndGlobalSection
	GlobalSection(ExtensibilityGlobals) = postSolution
		SolutionGuid = {B284130C-170F-4D1B-872C-3722C813D99C}
	EndGlobalSection
EndGlobal
